// !$*UTF8*$!
{
	archiveVersion = 1;
	classes = {
	};
	objectVersion = 48;
	objects = {

/* Begin PBXBuildFile section */
		3534CE811FA1B45400E591BC /* CellIdentifiers.swift in Sources */ = {isa = PBXBuildFile; fileRef = 3534CE801FA1B45400E591BC /* CellIdentifiers.swift */; };
		35D094E41FA1A73D005C5BC5 /* AppDelegate.swift in Sources */ = {isa = PBXBuildFile; fileRef = 35D094E31FA1A73D005C5BC5 /* AppDelegate.swift */; };
		35D094E91FA1A73D005C5BC5 /* Main.storyboard in Resources */ = {isa = PBXBuildFile; fileRef = 35D094E71FA1A73D005C5BC5 /* Main.storyboard */; };
		35D094EB1FA1A73D005C5BC5 /* Assets.xcassets in Resources */ = {isa = PBXBuildFile; fileRef = 35D094EA1FA1A73D005C5BC5 /* Assets.xcassets */; };
		35D094EE1FA1A73D005C5BC5 /* LaunchScreen.storyboard in Resources */ = {isa = PBXBuildFile; fileRef = 35D094EC1FA1A73D005C5BC5 /* LaunchScreen.storyboard */; };
		35D095031FA1ABA8005C5BC5 /* MainController.swift in Sources */ = {isa = PBXBuildFile; fileRef = 35D095021FA1ABA8005C5BC5 /* MainController.swift */; };
		35D095051FA1ABCE005C5BC5 /* PurchaseController.swift in Sources */ = {isa = PBXBuildFile; fileRef = 35D095041FA1ABCE005C5BC5 /* PurchaseController.swift */; };
		98D743671E4820F6A9DB3595 /* libPods-IAPDemoProjectCourse.a in Frameworks */ = {isa = PBXBuildFile; fileRef = 89C5C7E2B9E4670AD99F056C /* libPods-IAPDemoProjectCourse.a */; };
		C9064A441FA641C000F16D4D /* StoreKit.framework in Frameworks */ = {isa = PBXBuildFile; fileRef = C9064A431FA641C000F16D4D /* StoreKit.framework */; };
		C9064A4F1FA7166A00F16D4D /* IAPProducts.swift in Sources */ = {isa = PBXBuildFile; fileRef = C9064A4E1FA7166A00F16D4D /* IAPProducts.swift */; };
		C9064A521FA716F800F16D4D /* IAPManager.swift in Sources */ = {isa = PBXBuildFile; fileRef = C9064A511FA716F800F16D4D /* IAPManager.swift */; };
		C90DD6291FA9FA8C00ACA1C6 /* AppleIncRootCertificate.cer in Resources */ = {isa = PBXBuildFile; fileRef = C90DD6281FA9FA8400ACA1C6 /* AppleIncRootCertificate.cer */; };
		C90DD62F1FA9FBC700ACA1C6 /* pkcs7_union_accessors.c in Sources */ = {isa = PBXBuildFile; fileRef = C90DD62E1FA9FBC700ACA1C6 /* pkcs7_union_accessors.c */; };
		C90DD6311FA9FBF100ACA1C6 /* ReceiptValidator.swift in Sources */ = {isa = PBXBuildFile; fileRef = C90DD6301FA9FBF100ACA1C6 /* ReceiptValidator.swift */; };
/* End PBXBuildFile section */

/* Begin PBXFileReference section */
		3534CE801FA1B45400E591BC /* CellIdentifiers.swift */ = {isa = PBXFileReference; lastKnownFileType = sourcecode.swift; path = CellIdentifiers.swift; sourceTree = "<group>"; };
		35D094E01FA1A73D005C5BC5 /* IAPDemoProjectCourse.app */ = {isa = PBXFileReference; explicitFileType = wrapper.application; includeInIndex = 0; path = IAPDemoProjectCourse.app; sourceTree = BUILT_PRODUCTS_DIR; };
		35D094E31FA1A73D005C5BC5 /* AppDelegate.swift */ = {isa = PBXFileReference; lastKnownFileType = sourcecode.swift; path = AppDelegate.swift; sourceTree = "<group>"; };
		35D094E81FA1A73D005C5BC5 /* Base */ = {isa = PBXFileReference; lastKnownFileType = file.storyboard; name = Base; path = Base.lproj/Main.storyboard; sourceTree = "<group>"; };
		35D094EA1FA1A73D005C5BC5 /* Assets.xcassets */ = {isa = PBXFileReference; lastKnownFileType = folder.assetcatalog; path = Assets.xcassets; sourceTree = "<group>"; };
		35D094ED1FA1A73D005C5BC5 /* Base */ = {isa = PBXFileReference; lastKnownFileType = file.storyboard; name = Base; path = Base.lproj/LaunchScreen.storyboard; sourceTree = "<group>"; };
		35D094EF1FA1A73D005C5BC5 /* Info.plist */ = {isa = PBXFileReference; lastKnownFileType = text.plist.xml; path = Info.plist; sourceTree = "<group>"; };
		35D095021FA1ABA8005C5BC5 /* MainController.swift */ = {isa = PBXFileReference; lastKnownFileType = sourcecode.swift; path = MainController.swift; sourceTree = "<group>"; };
		35D095041FA1ABCE005C5BC5 /* PurchaseController.swift */ = {isa = PBXFileReference; lastKnownFileType = sourcecode.swift; path = PurchaseController.swift; sourceTree = "<group>"; };
		416ABDAC8402935773943A94 /* Pods-IAPDemoProjectCourse.debug.xcconfig */ = {isa = PBXFileReference; includeInIndex = 1; lastKnownFileType = text.xcconfig; name = "Pods-IAPDemoProjectCourse.debug.xcconfig"; path = "Pods/Target Support Files/Pods-IAPDemoProjectCourse/Pods-IAPDemoProjectCourse.debug.xcconfig"; sourceTree = "<group>"; };
		89C5C7E2B9E4670AD99F056C /* libPods-IAPDemoProjectCourse.a */ = {isa = PBXFileReference; explicitFileType = archive.ar; includeInIndex = 0; path = "libPods-IAPDemoProjectCourse.a"; sourceTree = BUILT_PRODUCTS_DIR; };
		C05BCB3F8615F8295151C75A /* Pods-IAPDemoProjectCourse.release.xcconfig */ = {isa = PBXFileReference; includeInIndex = 1; lastKnownFileType = text.xcconfig; name = "Pods-IAPDemoProjectCourse.release.xcconfig"; path = "Pods/Target Support Files/Pods-IAPDemoProjectCourse/Pods-IAPDemoProjectCourse.release.xcconfig"; sourceTree = "<group>"; };
		C9064A431FA641C000F16D4D /* StoreKit.framework */ = {isa = PBXFileReference; lastKnownFileType = wrapper.framework; name = StoreKit.framework; path = System/Library/Frameworks/StoreKit.framework; sourceTree = SDKROOT; };
		C9064A4E1FA7166A00F16D4D /* IAPProducts.swift */ = {isa = PBXFileReference; lastKnownFileType = sourcecode.swift; path = IAPProducts.swift; sourceTree = "<group>"; };
		C9064A511FA716F800F16D4D /* IAPManager.swift */ = {isa = PBXFileReference; lastKnownFileType = sourcecode.swift; path = IAPManager.swift; sourceTree = "<group>"; };
		C90DD6281FA9FA8400ACA1C6 /* AppleIncRootCertificate.cer */ = {isa = PBXFileReference; lastKnownFileType = file; path = AppleIncRootCertificate.cer; sourceTree = "<group>"; };
		C90DD62A1FA9FB9600ACA1C6 /* IAPDemoProjectCourse-Bridging-Header.h */ = {isa = PBXFileReference; lastKnownFileType = sourcecode.c.h; path = "IAPDemoProjectCourse-Bridging-Header.h"; sourceTree = "<group>"; };
		C90DD62D1FA9FBC700ACA1C6 /* pkcs7_union_accessors.h */ = {isa = PBXFileReference; fileEncoding = 4; lastKnownFileType = sourcecode.c.h; path = pkcs7_union_accessors.h; sourceTree = "<group>"; };
		C90DD62E1FA9FBC700ACA1C6 /* pkcs7_union_accessors.c */ = {isa = PBXFileReference; fileEncoding = 4; lastKnownFileType = sourcecode.c.c; path = pkcs7_union_accessors.c; sourceTree = "<group>"; };
		C90DD6301FA9FBF100ACA1C6 /* ReceiptValidator.swift */ = {isa = PBXFileReference; fileEncoding = 4; lastKnownFileType = sourcecode.swift; path = ReceiptValidator.swift; sourceTree = "<group>"; };
/* End PBXFileReference section */

/* Begin PBXFrameworksBuildPhase section */
		35D094DD1FA1A73D005C5BC5 /* Frameworks */ = {
			isa = PBXFrameworksBuildPhase;
			buildActionMask = 2147483647;
			files = (
				C9064A441FA641C000F16D4D /* StoreKit.framework in Frameworks */,
				98D743671E4820F6A9DB3595 /* libPods-IAPDemoProjectCourse.a in Frameworks */,
			);
			runOnlyForDeploymentPostprocessing = 0;
		};
/* End PBXFrameworksBuildPhase section */

/* Begin PBXGroup section */
		0DB7ACC47B3FF1282FFD909F /* Pods */ = {
			isa = PBXGroup;
			children = (
				416ABDAC8402935773943A94 /* Pods-IAPDemoProjectCourse.debug.xcconfig */,
				C05BCB3F8615F8295151C75A /* Pods-IAPDemoProjectCourse.release.xcconfig */,
			);
			name = Pods;
			sourceTree = "<group>";
		};
		35D094D71FA1A73D005C5BC5 = {
			isa = PBXGroup;
			children = (
				35D094E21FA1A73D005C5BC5 /* IAPDemoProjectCourse */,
				35D094E11FA1A73D005C5BC5 /* Products */,
				C9059C0E1FA640DF00FB10CA /* Frameworks */,
				0DB7ACC47B3FF1282FFD909F /* Pods */,
			);
			sourceTree = "<group>";
		};
		35D094E11FA1A73D005C5BC5 /* Products */ = {
			isa = PBXGroup;
			children = (
				35D094E01FA1A73D005C5BC5 /* IAPDemoProjectCourse.app */,
			);
			name = Products;
			sourceTree = "<group>";
		};
		35D094E21FA1A73D005C5BC5 /* IAPDemoProjectCourse */ = {
			isa = PBXGroup;
			children = (
				C90DD6271FA9FA7800ACA1C6 /* Validation */,
				35D094F51FA1AA70005C5BC5 /* Global */,
				35D094F91FA1AA97005C5BC5 /* Main MVC */,
				35D094FA1FA1AAB1005C5BC5 /* Purchase MVC */,
				35D095011FA1AB7C005C5BC5 /* Supporting files */,
			);
			path = IAPDemoProjectCourse;
			sourceTree = "<group>";
		};
		35D094F51FA1AA70005C5BC5 /* Global */ = {
			isa = PBXGroup;
			children = (
				C9064A501FA716E700F16D4D /* Managers */,
				35D094F71FA1AA7B005C5BC5 /* Model */,
				35D094F81FA1AA83005C5BC5 /* View */,
				35D094F61FA1AA76005C5BC5 /* Controller */,
			);
			path = Global;
			sourceTree = "<group>";
		};
		35D094F61FA1AA76005C5BC5 /* Controller */ = {
			isa = PBXGroup;
			children = (
				35D094E31FA1A73D005C5BC5 /* AppDelegate.swift */,
			);
			path = Controller;
			sourceTree = "<group>";
		};
		35D094F71FA1AA7B005C5BC5 /* Model */ = {
			isa = PBXGroup;
			children = (
				3534CE801FA1B45400E591BC /* CellIdentifiers.swift */,
				C9064A4E1FA7166A00F16D4D /* IAPProducts.swift */,
			);
			path = Model;
			sourceTree = "<group>";
		};
		35D094F81FA1AA83005C5BC5 /* View */ = {
			isa = PBXGroup;
			children = (
				35D094EC1FA1A73D005C5BC5 /* LaunchScreen.storyboard */,
				35D094E71FA1A73D005C5BC5 /* Main.storyboard */,
			);
			path = View;
			sourceTree = "<group>";
		};
		35D094F91FA1AA97005C5BC5 /* Main MVC */ = {
			isa = PBXGroup;
			children = (
				35D094FC1FA1AB68005C5BC5 /* Model */,
				35D094FD1FA1AB68005C5BC5 /* View */,
				35D094FB1FA1AB68005C5BC5 /* Controller */,
			);
			path = "Main MVC";
			sourceTree = "<group>";
		};
		35D094FA1FA1AAB1005C5BC5 /* Purchase MVC */ = {
			isa = PBXGroup;
			children = (
				35D095001FA1AB6B005C5BC5 /* Model */,
				35D094FE1FA1AB6B005C5BC5 /* View */,
				35D094FF1FA1AB6B005C5BC5 /* Controller */,
			);
			path = "Purchase MVC";
			sourceTree = "<group>";
		};
		35D094FB1FA1AB68005C5BC5 /* Controller */ = {
			isa = PBXGroup;
			children = (
				35D095021FA1ABA8005C5BC5 /* MainController.swift */,
			);
			path = Controller;
			sourceTree = "<group>";
		};
		35D094FC1FA1AB68005C5BC5 /* Model */ = {
			isa = PBXGroup;
			children = (
			);
			path = Model;
			sourceTree = "<group>";
		};
		35D094FD1FA1AB68005C5BC5 /* View */ = {
			isa = PBXGroup;
			children = (
			);
			path = View;
			sourceTree = "<group>";
		};
		35D094FE1FA1AB6B005C5BC5 /* View */ = {
			isa = PBXGroup;
			children = (
			);
			path = View;
			sourceTree = "<group>";
		};
		35D094FF1FA1AB6B005C5BC5 /* Controller */ = {
			isa = PBXGroup;
			children = (
				35D095041FA1ABCE005C5BC5 /* PurchaseController.swift */,
			);
			path = Controller;
			sourceTree = "<group>";
		};
		35D095001FA1AB6B005C5BC5 /* Model */ = {
			isa = PBXGroup;
			children = (
			);
			path = Model;
			sourceTree = "<group>";
		};
		35D095011FA1AB7C005C5BC5 /* Supporting files */ = {
			isa = PBXGroup;
			children = (
				C90DD6281FA9FA8400ACA1C6 /* AppleIncRootCertificate.cer */,
				35D094EA1FA1A73D005C5BC5 /* Assets.xcassets */,
				35D094EF1FA1A73D005C5BC5 /* Info.plist */,
			);
			path = "Supporting files";
			sourceTree = "<group>";
		};
		C9059C0E1FA640DF00FB10CA /* Frameworks */ = {
			isa = PBXGroup;
			children = (
				C9064A431FA641C000F16D4D /* StoreKit.framework */,
				89C5C7E2B9E4670AD99F056C /* libPods-IAPDemoProjectCourse.a */,
			);
			name = Frameworks;
			sourceTree = "<group>";
		};
		C9064A501FA716E700F16D4D /* Managers */ = {
			isa = PBXGroup;
			children = (
				C9064A511FA716F800F16D4D /* IAPManager.swift */,
			);
			path = Managers;
			sourceTree = "<group>";
		};
		C90DD6271FA9FA7800ACA1C6 /* Validation */ = {
			isa = PBXGroup;
			children = (
				C90DD62A1FA9FB9600ACA1C6 /* IAPDemoProjectCourse-Bridging-Header.h */,
				C90DD62E1FA9FBC700ACA1C6 /* pkcs7_union_accessors.c */,
				C90DD62D1FA9FBC700ACA1C6 /* pkcs7_union_accessors.h */,
				C90DD6301FA9FBF100ACA1C6 /* ReceiptValidator.swift */,
			);
			path = Validation;
			sourceTree = "<group>";
		};
/* End PBXGroup section */

/* Begin PBXNativeTarget section */
		35D094DF1FA1A73D005C5BC5 /* IAPDemoProjectCourse */ = {
			isa = PBXNativeTarget;
			buildConfigurationList = 35D094F21FA1A73D005C5BC5 /* Build configuration list for PBXNativeTarget "IAPDemoProjectCourse" */;
			buildPhases = (
				78A2EC62EE5FBBA737F2ECD9 /* [CP] Check Pods Manifest.lock */,
				35D094DC1FA1A73D005C5BC5 /* Sources */,
				35D094DD1FA1A73D005C5BC5 /* Frameworks */,
				35D094DE1FA1A73D005C5BC5 /* Resources */,
			);
			buildRules = (
			);
			dependencies = (
			);
			name = IAPDemoProjectCourse;
			productName = IAPDemoProject;
			productReference = 35D094E01FA1A73D005C5BC5 /* IAPDemoProjectCourse.app */;
			productType = "com.apple.product-type.application";
		};
/* End PBXNativeTarget section */

/* Begin PBXProject section */
		35D094D81FA1A73D005C5BC5 /* Project object */ = {
			isa = PBXProject;
			attributes = {
				LastSwiftUpdateCheck = 0900;
				LastUpgradeCheck = 1020;
				ORGANIZATIONNAME = "Mykhailo Bondarenko";
				TargetAttributes = {
					35D094DF1FA1A73D005C5BC5 = {
						CreatedOnToolsVersion = 9.0;
						LastSwiftMigration = 1020;
						ProvisioningStyle = Automatic;
						SystemCapabilities = {
							com.apple.InAppPurchase = {
								enabled = 1;
							};
						};
					};
				};
			};
			buildConfigurationList = 35D094DB1FA1A73D005C5BC5 /* Build configuration list for PBXProject "IAPDemoProjectCourse" */;
			compatibilityVersion = "Xcode 8.0";
			developmentRegion = en;
			hasScannedForEncodings = 0;
			knownRegions = (
				en,
				Base,
			);
			mainGroup = 35D094D71FA1A73D005C5BC5;
			productRefGroup = 35D094E11FA1A73D005C5BC5 /* Products */;
			projectDirPath = "";
			projectRoot = "";
			targets = (
				35D094DF1FA1A73D005C5BC5 /* IAPDemoProjectCourse */,
			);
		};
/* End PBXProject section */

/* Begin PBXResourcesBuildPhase section */
		35D094DE1FA1A73D005C5BC5 /* Resources */ = {
			isa = PBXResourcesBuildPhase;
			buildActionMask = 2147483647;
			files = (
				35D094EE1FA1A73D005C5BC5 /* LaunchScreen.storyboard in Resources */,
				35D094EB1FA1A73D005C5BC5 /* Assets.xcassets in Resources */,
				C90DD6291FA9FA8C00ACA1C6 /* AppleIncRootCertificate.cer in Resources */,
				35D094E91FA1A73D005C5BC5 /* Main.storyboard in Resources */,
			);
			runOnlyForDeploymentPostprocessing = 0;
		};
/* End PBXResourcesBuildPhase section */

/* Begin PBXShellScriptBuildPhase section */
		78A2EC62EE5FBBA737F2ECD9 /* [CP] Check Pods Manifest.lock */ = {
			isa = PBXShellScriptBuildPhase;
			buildActionMask = 2147483647;
			files = (
			);
			inputPaths = (
				"${PODS_PODFILE_DIR_PATH}/Podfile.lock",
				"${PODS_ROOT}/Manifest.lock",
			);
			name = "[CP] Check Pods Manifest.lock";
			outputPaths = (
				"$(DERIVED_FILE_DIR)/Pods-IAPDemoProjectCourse-checkManifestLockResult.txt",
			);
			runOnlyForDeploymentPostprocessing = 0;
			shellPath = /bin/sh;
			shellScript = "diff \"${PODS_PODFILE_DIR_PATH}/Podfile.lock\" \"${PODS_ROOT}/Manifest.lock\" > /dev/null\nif [ $? != 0 ] ; then\n    # print error to STDERR\n    echo \"error: The sandbox is not in sync with the Podfile.lock. Run 'pod install' or update your CocoaPods installation.\" >&2\n    exit 1\nfi\n# This output is used by Xcode 'outputs' to avoid re-running this script phase.\necho \"SUCCESS\" > \"${SCRIPT_OUTPUT_FILE_0}\"\n";
			showEnvVarsInLog = 0;
		};
/* End PBXShellScriptBuildPhase section */

/* Begin PBXSourcesBuildPhase section */
		35D094DC1FA1A73D005C5BC5 /* Sources */ = {
			isa = PBXSourcesBuildPhase;
			buildActionMask = 2147483647;
			files = (
				C9064A521FA716F800F16D4D /* IAPManager.swift in Sources */,
				35D095031FA1ABA8005C5BC5 /* MainController.swift in Sources */,
				35D095051FA1ABCE005C5BC5 /* PurchaseController.swift in Sources */,
				C90DD6311FA9FBF100ACA1C6 /* ReceiptValidator.swift in Sources */,
				C90DD62F1FA9FBC700ACA1C6 /* pkcs7_union_accessors.c in Sources */,
				3534CE811FA1B45400E591BC /* CellIdentifiers.swift in Sources */,
				35D094E41FA1A73D005C5BC5 /* AppDelegate.swift in Sources */,
				C9064A4F1FA7166A00F16D4D /* IAPProducts.swift in Sources */,
			);
			runOnlyForDeploymentPostprocessing = 0;
		};
/* End PBXSourcesBuildPhase section */

/* Begin PBXVariantGroup section */
		35D094E71FA1A73D005C5BC5 /* Main.storyboard */ = {
			isa = PBXVariantGroup;
			children = (
				35D094E81FA1A73D005C5BC5 /* Base */,
			);
			name = Main.storyboard;
			sourceTree = "<group>";
		};
		35D094EC1FA1A73D005C5BC5 /* LaunchScreen.storyboard */ = {
			isa = PBXVariantGroup;
			children = (
				35D094ED1FA1A73D005C5BC5 /* Base */,
			);
			name = LaunchScreen.storyboard;
			sourceTree = "<group>";
		};
/* End PBXVariantGroup section */

/* Begin XCBuildConfiguration section */
		35D094F01FA1A73D005C5BC5 /* Debug */ = {
			isa = XCBuildConfiguration;
			buildSettings = {
				ALWAYS_SEARCH_USER_PATHS = NO;
				CLANG_ANALYZER_NONNULL = YES;
				CLANG_ANALYZER_NUMBER_OBJECT_CONVERSION = YES_AGGRESSIVE;
				CLANG_CXX_LANGUAGE_STANDARD = "gnu++14";
				CLANG_CXX_LIBRARY = "libc++";
				CLANG_ENABLE_MODULES = YES;
				CLANG_ENABLE_OBJC_ARC = YES;
				CLANG_WARN_BLOCK_CAPTURE_AUTORELEASING = YES;
				CLANG_WARN_BOOL_CONVERSION = YES;
				CLANG_WARN_COMMA = YES;
				CLANG_WARN_CONSTANT_CONVERSION = YES;
				CLANG_WARN_DEPRECATED_OBJC_IMPLEMENTATIONS = YES;
				CLANG_WARN_DIRECT_OBJC_ISA_USAGE = YES_ERROR;
				CLANG_WARN_DOCUMENTATION_COMMENTS = YES;
				CLANG_WARN_EMPTY_BODY = YES;
				CLANG_WARN_ENUM_CONVERSION = YES;
				CLANG_WARN_INFINITE_RECURSION = YES;
				CLANG_WARN_INT_CONVERSION = YES;
				CLANG_WARN_NON_LITERAL_NULL_CONVERSION = YES;
				CLANG_WARN_OBJC_IMPLICIT_RETAIN_SELF = YES;
				CLANG_WARN_OBJC_LITERAL_CONVERSION = YES;
				CLANG_WARN_OBJC_ROOT_CLASS = YES_ERROR;
				CLANG_WARN_RANGE_LOOP_ANALYSIS = YES;
				CLANG_WARN_STRICT_PROTOTYPES = YES;
				CLANG_WARN_SUSPICIOUS_MOVE = YES;
				CLANG_WARN_UNGUARDED_AVAILABILITY = YES_AGGRESSIVE;
				CLANG_WARN_UNREACHABLE_CODE = YES;
				CLANG_WARN__DUPLICATE_METHOD_MATCH = YES;
				CODE_SIGN_IDENTITY = "iPhone Developer";
				COPY_PHASE_STRIP = NO;
				DEBUG_INFORMATION_FORMAT = dwarf;
				ENABLE_STRICT_OBJC_MSGSEND = YES;
				ENABLE_TESTABILITY = YES;
				GCC_C_LANGUAGE_STANDARD = gnu11;
				GCC_DYNAMIC_NO_PIC = NO;
				GCC_NO_COMMON_BLOCKS = YES;
				GCC_OPTIMIZATION_LEVEL = 0;
				GCC_PREPROCESSOR_DEFINITIONS = (
					"DEBUG=1",
					"$(inherited)",
				);
				GCC_WARN_64_TO_32_BIT_CONVERSION = YES;
				GCC_WARN_ABOUT_RETURN_TYPE = YES_ERROR;
				GCC_WARN_UNDECLARED_SELECTOR = YES;
				GCC_WARN_UNINITIALIZED_AUTOS = YES_AGGRESSIVE;
				GCC_WARN_UNUSED_FUNCTION = YES;
				GCC_WARN_UNUSED_VARIABLE = YES;
				IPHONEOS_DEPLOYMENT_TARGET = 11.0;
				MTL_ENABLE_DEBUG_INFO = YES;
				ONLY_ACTIVE_ARCH = YES;
				SDKROOT = iphoneos;
				SWIFT_ACTIVE_COMPILATION_CONDITIONS = DEBUG;
				SWIFT_OPTIMIZATION_LEVEL = "-Onone";
			};
			name = Debug;
		};
		35D094F11FA1A73D005C5BC5 /* Release */ = {
			isa = XCBuildConfiguration;
			buildSettings = {
				ALWAYS_SEARCH_USER_PATHS = NO;
				CLANG_ANALYZER_NONNULL = YES;
				CLANG_ANALYZER_NUMBER_OBJECT_CONVERSION = YES_AGGRESSIVE;
				CLANG_CXX_LANGUAGE_STANDARD = "gnu++14";
				CLANG_CXX_LIBRARY = "libc++";
				CLANG_ENABLE_MODULES = YES;
				CLANG_ENABLE_OBJC_ARC = YES;
				CLANG_WARN_BLOCK_CAPTURE_AUTORELEASING = YES;
				CLANG_WARN_BOOL_CONVERSION = YES;
				CLANG_WARN_COMMA = YES;
				CLANG_WARN_CONSTANT_CONVERSION = YES;
				CLANG_WARN_DEPRECATED_OBJC_IMPLEMENTATIONS = YES;
				CLANG_WARN_DIRECT_OBJC_ISA_USAGE = YES_ERROR;
				CLANG_WARN_DOCUMENTATION_COMMENTS = YES;
				CLANG_WARN_EMPTY_BODY = YES;
				CLANG_WARN_ENUM_CONVERSION = YES;
				CLANG_WARN_INFINITE_RECURSION = YES;
				CLANG_WARN_INT_CONVERSION = YES;
				CLANG_WARN_NON_LITERAL_NULL_CONVERSION = YES;
				CLANG_WARN_OBJC_IMPLICIT_RETAIN_SELF = YES;
				CLANG_WARN_OBJC_LITERAL_CONVERSION = YES;
				CLANG_WARN_OBJC_ROOT_CLASS = YES_ERROR;
				CLANG_WARN_RANGE_LOOP_ANALYSIS = YES;
				CLANG_WARN_STRICT_PROTOTYPES = YES;
				CLANG_WARN_SUSPICIOUS_MOVE = YES;
				CLANG_WARN_UNGUARDED_AVAILABILITY = YES_AGGRESSIVE;
				CLANG_WARN_UNREACHABLE_CODE = YES;
				CLANG_WARN__DUPLICATE_METHOD_MATCH = YES;
				CODE_SIGN_IDENTITY = "iPhone Developer";
				COPY_PHASE_STRIP = NO;
				DEBUG_INFORMATION_FORMAT = "dwarf-with-dsym";
				ENABLE_NS_ASSERTIONS = NO;
				ENABLE_STRICT_OBJC_MSGSEND = YES;
				GCC_C_LANGUAGE_STANDARD = gnu11;
				GCC_NO_COMMON_BLOCKS = YES;
				GCC_WARN_64_TO_32_BIT_CONVERSION = YES;
				GCC_WARN_ABOUT_RETURN_TYPE = YES_ERROR;
				GCC_WARN_UNDECLARED_SELECTOR = YES;
				GCC_WARN_UNINITIALIZED_AUTOS = YES_AGGRESSIVE;
				GCC_WARN_UNUSED_FUNCTION = YES;
				GCC_WARN_UNUSED_VARIABLE = YES;
				IPHONEOS_DEPLOYMENT_TARGET = 11.0;
				MTL_ENABLE_DEBUG_INFO = NO;
				SDKROOT = iphoneos;
				SWIFT_OPTIMIZATION_LEVEL = "-Owholemodule";
				VALIDATE_PRODUCT = YES;
			};
			name = Release;
		};
		35D094F31FA1A73D005C5BC5 /* Debug */ = {
			isa = XCBuildConfiguration;
			baseConfigurationReference = 416ABDAC8402935773943A94 /* Pods-IAPDemoProjectCourse.debug.xcconfig */;
			buildSettings = {
				ASSETCATALOG_COMPILER_APPICON_NAME = AppIcon;
				CLANG_ENABLE_MODULES = YES;
				CODE_SIGN_STYLE = Automatic;
				DEVELOPMENT_TEAM = GYWWW55376;
				ENABLE_BITCODE = NO;
				INFOPLIST_FILE = "$(SRCROOT)/IAPDemoProjectCourse/Supporting files/Info.plist";
				IPHONEOS_DEPLOYMENT_TARGET = 11.0;
				LD_RUNPATH_SEARCH_PATHS = "$(inherited) @executable_path/Frameworks";
				PRODUCT_BUNDLE_IDENTIFIER = com.mcmikius.IAPDemoProjectCourse;
				PRODUCT_NAME = "$(TARGET_NAME)";
				SWIFT_OBJC_BRIDGING_HEADER = "IAPDemoProjectCourse/Validation/IAPDemoProjectCourse-Bridging-Header.h";
				SWIFT_OPTIMIZATION_LEVEL = "-Onone";
				SWIFT_VERSION = 5.0;
				TARGETED_DEVICE_FAMILY = "1,2";
			};
			name = Debug;
		};
		35D094F41FA1A73D005C5BC5 /* Release */ = {
			isa = XCBuildConfiguration;
			baseConfigurationReference = C05BCB3F8615F8295151C75A /* Pods-IAPDemoProjectCourse.release.xcconfig */;
			buildSettings = {
				ASSETCATALOG_COMPILER_APPICON_NAME = AppIcon;
				CLANG_ENABLE_MODULES = YES;
				CODE_SIGN_STYLE = Automatic;
				DEVELOPMENT_TEAM = GYWWW55376;
				ENABLE_BITCODE = NO;
				INFOPLIST_FILE = "$(SRCROOT)/IAPDemoProjectCourse/Supporting files/Info.plist";
				IPHONEOS_DEPLOYMENT_TARGET = 11.0;
				LD_RUNPATH_SEARCH_PATHS = "$(inherited) @executable_path/Frameworks";
				PRODUCT_BUNDLE_IDENTIFIER = com.mcmikius.IAPDemoProjectCourse;
				PRODUCT_NAME = "$(TARGET_NAME)";
				SWIFT_OBJC_BRIDGING_HEADER = "IAPDemoProjectCourse/Validation/IAPDemoProjectCourse-Bridging-Header.h";
				SWIFT_VERSION = 5.0;
				TARGETED_DEVICE_FAMILY = "1,2";
			};
			name = Release;
		};
/* End XCBuildConfiguration section */

/* Begin XCConfigurationList section */
		35D094DB1FA1A73D005C5BC5 /* Build configuration list for PBXProject "IAPDemoProjectCourse" */ = {
			isa = XCConfigurationList;
			buildConfigurations = (
				35D094F01FA1A73D005C5BC5 /* Debug */,
				35D094F11FA1A73D005C5BC5 /* Release */,
			);
			defaultConfigurationIsVisible = 0;
			defaultConfigurationName = Release;
		};
		35D094F21FA1A73D005C5BC5 /* Build configuration list for PBXNativeTarget "IAPDemoProjectCourse" */ = {
			isa = XCConfigurationList;
			buildConfigurations = (
				35D094F31FA1A73D005C5BC5 /* Debug */,
				35D094F41FA1A73D005C5BC5 /* Release */,
			);
			defaultConfigurationIsVisible = 0;
			defaultConfigurationName = Release;
		};
/* End XCConfigurationList section */
	};
	rootObject = 35D094D81FA1A73D005C5BC5 /* Project object */;
}
